{
  "originHash" : "1612a87da835535f09aa86a12edbea16a8b0201ff9bfaa8d3736a0a488b3b827",
  "pins" : [
    {
      "identity" : "alamofire",
      "kind" : "remoteSourceControl",
      "location" : "https://github.com/Alamofire/Alamofire",
      "state" : {
        "revision" : "513364f870f6bfc468f9d2ff0a95caccc10044c5",
        "version" : "5.10.2"
      }
    },
    {
      "identity" : "iqkeyboardmanager",
      "kind" : "remoteSourceControl",
      "location" : "https://github.com/hackiftekhar/IQKeyboardManager",
      "state" : {
        "revision" : "c00b1ae9fa1ad8af4465bb6ca901f6943fc98eba",
        "version" : "6.5.16"
      }
    },
    {
      "identity" : "jgprogresshud",
      "kind" : "remoteSourceControl",
      "location" : "https://github.com/JonasGessner/JGProgressHUD",
      "state" : {
        "revision" : "78d7cd35f1d90ff74fd82e486f2cbe4b24be8cf9",
        "version" : "2.2.0"
      }
    },
    {
      "identity" : "klcpopupspm",
      "kind" : "remoteSourceControl",
      "location" : "https://github.com/bogdanmatasaru/KLCPopupSPM",
      "state" : {
        "branch" : "main",
        "revision" : "e561d23df5b65ed4a4a3743daa3af6c24d155a11"
      }
    },
    {
      "identity" : "mjrefresh",
      "kind" : "remoteSourceControl",
      "location" : "https://github.com/CoderMJLee/MJRefresh",
      "state" : {
        "revision" : "535d39c86e592d73f8b8e75f9bf1eda62ca4a4ce",
        "version" : "3.7.9"
      }
    },
    {
      "identity" : "reactivecocoa",
      "kind" : "remoteSourceControl",
      "location" : "https://github.com/ReactiveCocoa/ReactiveCocoa",
      "state" : {
        "revision" : "8a5b07b18c6abb8e12fb845bf742675dc4914ed8",
        "version" : "12.0.0"
      }
    },
    {
      "identity" : "reactiveswift",
      "kind" : "remoteSourceControl",
      "location" : "https://github.com/ReactiveCocoa/ReactiveSwift",
      "state" : {
        "revision" : "c5eecb5374ac342e22d46abd333e4c8c698c93cc",
        "version" : "7.2.0"
      }
    },
    {
      "identity" : "rskgrowingtextview",
      "kind" : "remoteSourceControl",
      "location" : "https://github.com/ruslanskorb/RSKGrowingTextView",
      "state" : {
        "revision" : "f1ffc902e0ecdd0f66e8d3e7f0b7dbd3461e2dd3",
        "version" : "8.0.1"
      }
    },
    {
      "identity" : "rskplaceholdertextview",
      "kind" : "remoteSourceControl",
      "location" : "https://github.com/ruslanskorb/RSKPlaceholderTextView.git",
      "state" : {
        "revision" : "fe0f152cb4cf892cd4893fab50a61e502e5ea033",
        "version" : "8.0.1"
      }
    },
    {
      "identity" : "smartcodable",
      "kind" : "remoteSourceControl",
      "location" : "https://github.com/intsig171/SmartCodable",
      "state" : {
        "revision" : "6283163c1a649a6bacd4bf259bec9180cc15bc69",
        "version" : "4.3.7"
      }
    },
    {
      "identity" : "snapkit",
      "kind" : "remoteSourceControl",
      "location" : "https://github.com/SnapKit/SnapKit",
      "state" : {
        "revision" : "2842e6e84e82eb9a8dac0100ca90d9444b0307f4",
        "version" : "5.7.1"
      }
    },
    {
      "identity" : "sqlcipher",
      "kind" : "remoteSourceControl",
      "location" : "https://github.com/Tencent/sqlcipher",
      "state" : {
        "revision" : "5d8825c22feedb421ad6f9ecfc1399460e10d299",
        "version" : "1.4.7"
      }
    },
    {
      "identity" : "svprogresshud",
      "kind" : "remoteSourceControl",
      "location" : "https://github.com/SVProgressHUD/SVProgressHUD",
      "state" : {
        "revision" : "c33f7c775ba7feea6047a1fc3257f2e5863b44f7",
        "version" : "2.3.1"
      }
    },
    {
      "identity" : "swifthexcolors",
      "kind" : "remoteSourceControl",
      "location" : "https://github.com/thii/SwiftHEXColors",
      "state" : {
        "revision" : "1f886cb20fedda14a5ac75efd09bc99c95b43a18",
        "version" : "1.4.1"
      }
    },
    {
      "identity" : "wcdb",
      "kind" : "remoteSourceControl",
      "location" : "https://github.com/Tencent/wcdb",
      "state" : {
        "revision" : "f54d02ea07294d142b0fae9a4c942343b9e9c8b3",
        "version" : "2.1.10"
      }
    }
  ],
  "version" : 3
}
